
Microsoft Visual Studio Solution File, Format Version 12.00
# Visual Studio Version 16
VisualStudioVersion = 16.0.29025.244
MinimumVisualStudioVersion = 10.0.40219.1
Project("{FAE04EC0-301F-11D3-BF4B-00C04F79EFBC}") = "PRESENTACION", "PRESENTACION\PRESENTACION.csproj", "{0D2FB0C9-A0BA-44BB-B80D-BF542AC7E295}"
EndProject
Project("{FAE04EC0-301F-11D3-BF4B-00C04F79EFBC}") = "ENTIDAD", "ENTIDAD\ENTIDAD.csproj", "{6BC0BE4B-D2AE-4901-A088-48FCB9B7ED37}"
EndProject
Project("{FAE04EC0-301F-11D3-BF4B-00C04F79EFBC}") = "NEGOCIO", "NEGOCIO\NEGOCIO.csproj", "{DD26736D-292F-4869-8E6E-6059E88401BE}"
EndProject
Project("{FAE04EC0-301F-11D3-BF4B-00C04F79EFBC}") = "DAO", "DAO\DAO.csproj", "{8AA14C05-FA13-4CFE-B794-690F9D3B3183}"
EndProject
Global
	GlobalSection(SolutionConfigurationPlatforms) = preSolution
		Debug|Any CPU = Debug|Any CPU
		Release|Any CPU = Release|Any CPU
	EndGlobalSection
	GlobalSection(ProjectConfigurationPlatforms) = postSolution
		{0D2FB0C9-A0BA-44BB-B80D-BF542AC7E295}.Debug|Any CPU.ActiveCfg = Debug|Any CPU
		{0D2FB0C9-A0BA-44BB-B80D-BF542AC7E295}.Debug|Any CPU.Build.0 = Debug|Any CPU
		{0D2FB0C9-A0BA-44BB-B80D-BF542AC7E295}.Release|Any CPU.ActiveCfg = Release|Any CPU
		{0D2FB0C9-A0BA-44BB-B80D-BF542AC7E295}.Release|Any CPU.Build.0 = Release|Any CPU
		{6BC0BE4B-D2AE-4901-A088-48FCB9B7ED37}.Debug|Any CPU.ActiveCfg = Debug|Any CPU
		{6BC0BE4B-D2AE-4901-A088-48FCB9B7ED37}.Debug|Any CPU.Build.0 = Debug|Any CPU
		{6BC0BE4B-D2AE-4901-A088-48FCB9B7ED37}.Release|Any CPU.ActiveCfg = Release|Any CPU
		{6BC0BE4B-D2AE-4901-A088-48FCB9B7ED37}.Release|Any CPU.Build.0 = Release|Any CPU
		{DD26736D-292F-4869-8E6E-6059E88401BE}.Debug|Any CPU.ActiveCfg = Debug|Any CPU
		{DD26736D-292F-4869-8E6E-6059E88401BE}.Debug|Any CPU.Build.0 = Debug|Any CPU
		{DD26736D-292F-4869-8E6E-6059E88401BE}.Release|Any CPU.ActiveCfg = Release|Any CPU
		{DD26736D-292F-4869-8E6E-6059E88401BE}.Release|Any CPU.Build.0 = Release|Any CPU
		{8AA14C05-FA13-4CFE-B794-690F9D3B3183}.Debug|Any CPU.ActiveCfg = Debug|Any CPU
		{8AA14C05-FA13-4CFE-B794-690F9D3B3183}.Debug|Any CPU.Build.0 = Debug|Any CPU
		{8AA14C05-FA13-4CFE-B794-690F9D3B3183}.Release|Any CPU.ActiveCfg = Release|Any CPU
		{8AA14C05-FA13-4CFE-B794-690F9D3B3183}.Release|Any CPU.Build.0 = Release|Any CPU
	EndGlobalSection
	GlobalSection(SolutionProperties) = preSolution
		HideSolutionNode = FALSE
	EndGlobalSection
	GlobalSection(ExtensibilityGlobals) = postSolution
		SolutionGuid = {A6BB83CA-1A05-43BD-AE03-D37E1A72424F}
	EndGlobalSection
EndGlobal
